
Microsoft Visual Studio Solution File, Format Version 12.00
# Visual Studio 2013
VisualStudioVersion = 12.0.31101.0
MinimumVisualStudioVersion = 10.0.40219.1
Project("{FAE04EC0-301F-11D3-BF4B-00C04F79EFBC}") = "Ch01-CRUD", "Ch01-CRUD\Ch01-CRUD.csproj", "{ABC4B1A5-92ED-476D-96E3-B9FB311438C5}"
EndProject
Project("{FAE04EC0-301F-11D3-BF4B-00C04F79EFBC}") = "Ch02-Schemas-and-Indexes", "Ch02-Schemas-and-Indexes\Ch02-Schemas-and-Indexes.csproj", "{216BD109-74C2-405E-B94D-2C1C153A0B9E}"
EndProject
Project("{FAE04EC0-301F-11D3-BF4B-00C04F79EFBC}") = "Ch03-Msgy-Schema", "Ch03-Msgy-Schema\Ch03-Msgy-Schema.csproj", "{F4ECE7DE-46B6-49A3-937E-66D77D1D2892}"
EndProject
Global
	GlobalSection(SolutionConfigurationPlatforms) = preSolution
		Debug|Any CPU = Debug|Any CPU
		Release|Any CPU = Release|Any CPU
	EndGlobalSection
	GlobalSection(ProjectConfigurationPlatforms) = postSolution
		{ABC4B1A5-92ED-476D-96E3-B9FB311438C5}.Debug|Any CPU.ActiveCfg = Debug|Any CPU
		{ABC4B1A5-92ED-476D-96E3-B9FB311438C5}.Debug|Any CPU.Build.0 = Debug|Any CPU
		{ABC4B1A5-92ED-476D-96E3-B9FB311438C5}.Release|Any CPU.ActiveCfg = Release|Any CPU
		{ABC4B1A5-92ED-476D-96E3-B9FB311438C5}.Release|Any CPU.Build.0 = Release|Any CPU
		{216BD109-74C2-405E-B94D-2C1C153A0B9E}.Debug|Any CPU.ActiveCfg = Debug|Any CPU
		{216BD109-74C2-405E-B94D-2C1C153A0B9E}.Debug|Any CPU.Build.0 = Debug|Any CPU
		{216BD109-74C2-405E-B94D-2C1C153A0B9E}.Release|Any CPU.ActiveCfg = Release|Any CPU
		{216BD109-74C2-405E-B94D-2C1C153A0B9E}.Release|Any CPU.Build.0 = Release|Any CPU
		{F4ECE7DE-46B6-49A3-937E-66D77D1D2892}.Debug|Any CPU.ActiveCfg = Debug|Any CPU
		{F4ECE7DE-46B6-49A3-937E-66D77D1D2892}.Debug|Any CPU.Build.0 = Debug|Any CPU
		{F4ECE7DE-46B6-49A3-937E-66D77D1D2892}.Release|Any CPU.ActiveCfg = Release|Any CPU
		{F4ECE7DE-46B6-49A3-937E-66D77D1D2892}.Release|Any CPU.Build.0 = Release|Any CPU
	EndGlobalSection
	GlobalSection(SolutionProperties) = preSolution
		HideSolutionNode = FALSE
	EndGlobalSection
EndGlobal
