
Microsoft Visual Studio Solution File, Format Version 12.00
# Visual Studio Express 2012 for Web
Project("{CC5FD16D-436D-48AD-A40C-5A424C6E3E79}") = "WindowsAzureGumball", "WindowsAzureGumball\WindowsAzureGumball.ccproj", "{F2738E02-8BE8-41F6-A1F9-0841174D84EB}"
EndProject
Project("{FAE04EC0-301F-11D3-BF4B-00C04F79EFBC}") = "WebRole1", "WebRole1\WebRole1.csproj", "{CFF8196D-D046-46CA-8ADD-F0A29601E3BC}"
EndProject
Global
	GlobalSection(SolutionConfigurationPlatforms) = preSolution
		Debug|Any CPU = Debug|Any CPU
		Release|Any CPU = Release|Any CPU
	EndGlobalSection
	GlobalSection(ProjectConfigurationPlatforms) = postSolution
		{F2738E02-8BE8-41F6-A1F9-0841174D84EB}.Debug|Any CPU.ActiveCfg = Debug|Any CPU
		{F2738E02-8BE8-41F6-A1F9-0841174D84EB}.Debug|Any CPU.Build.0 = Debug|Any CPU
		{F2738E02-8BE8-41F6-A1F9-0841174D84EB}.Release|Any CPU.ActiveCfg = Release|Any CPU
		{F2738E02-8BE8-41F6-A1F9-0841174D84EB}.Release|Any CPU.Build.0 = Release|Any CPU
		{CFF8196D-D046-46CA-8ADD-F0A29601E3BC}.Debug|Any CPU.ActiveCfg = Debug|Any CPU
		{CFF8196D-D046-46CA-8ADD-F0A29601E3BC}.Debug|Any CPU.Build.0 = Debug|Any CPU
		{CFF8196D-D046-46CA-8ADD-F0A29601E3BC}.Release|Any CPU.ActiveCfg = Release|Any CPU
		{CFF8196D-D046-46CA-8ADD-F0A29601E3BC}.Release|Any CPU.Build.0 = Release|Any CPU
	EndGlobalSection
	GlobalSection(SolutionProperties) = preSolution
		HideSolutionNode = FALSE
	EndGlobalSection
EndGlobal
